
Microsoft Visual Studio Solution File, Format Version 12.00
# Visual Studio Version 16
VisualStudioVersion = 16.0.30406.217
MinimumVisualStudioVersion = 10.0.40219.1
Project("{FAE04EC0-301F-11D3-BF4B-00C04F79EFBC}") = "WPFLesson1", "WPFLesson1\WPFLesson1.csproj", "{48919D34-AE36-4D1A-A919-C09481424EE3}"
EndProject
Project("{FAE04EC0-301F-11D3-BF4B-00C04F79EFBC}") = "Linq", "Linq\Linq.csproj", "{5D5C8EA9-2A49-47FA-9310-735F58922905}"
EndProject
Project("{FAE04EC0-301F-11D3-BF4B-00C04F79EFBC}") = "Linqqq", "Linqqq\Linqqq.csproj", "{A467F3C4-E350-4736-85CC-98550256715B}"
EndProject
Global
	GlobalSection(SolutionConfigurationPlatforms) = preSolution
		Debug|Any CPU = Debug|Any CPU
		Release|Any CPU = Release|Any CPU
	EndGlobalSection
	GlobalSection(ProjectConfigurationPlatforms) = postSolution
		{48919D34-AE36-4D1A-A919-C09481424EE3}.Debug|Any CPU.ActiveCfg = Debug|Any CPU
		{48919D34-AE36-4D1A-A919-C09481424EE3}.Debug|Any CPU.Build.0 = Debug|Any CPU
		{48919D34-AE36-4D1A-A919-C09481424EE3}.Release|Any CPU.ActiveCfg = Release|Any CPU
		{48919D34-AE36-4D1A-A919-C09481424EE3}.Release|Any CPU.Build.0 = Release|Any CPU
		{5D5C8EA9-2A49-47FA-9310-735F58922905}.Debug|Any CPU.ActiveCfg = Debug|Any CPU
		{5D5C8EA9-2A49-47FA-9310-735F58922905}.Debug|Any CPU.Build.0 = Debug|Any CPU
		{5D5C8EA9-2A49-47FA-9310-735F58922905}.Release|Any CPU.ActiveCfg = Release|Any CPU
		{5D5C8EA9-2A49-47FA-9310-735F58922905}.Release|Any CPU.Build.0 = Release|Any CPU
		{A467F3C4-E350-4736-85CC-98550256715B}.Debug|Any CPU.ActiveCfg = Debug|Any CPU
		{A467F3C4-E350-4736-85CC-98550256715B}.Debug|Any CPU.Build.0 = Debug|Any CPU
		{A467F3C4-E350-4736-85CC-98550256715B}.Release|Any CPU.ActiveCfg = Release|Any CPU
		{A467F3C4-E350-4736-85CC-98550256715B}.Release|Any CPU.Build.0 = Release|Any CPU
	EndGlobalSection
	GlobalSection(SolutionProperties) = preSolution
		HideSolutionNode = FALSE
	EndGlobalSection
	GlobalSection(ExtensibilityGlobals) = postSolution
		SolutionGuid = {6832E56B-68A8-46FA-925B-2D5B2242CC83}
	EndGlobalSection
EndGlobal
